
Microsoft Visual Studio Solution File, Format Version 12.00
# Visual Studio 15
VisualStudioVersion = 15.0.26730.12
MinimumVisualStudioVersion = 10.0.40219.1
Project("{2150E333-8FDC-42A3-9474-1A3956D46DE8}") = "IdentityServer4Document", "IdentityServer4Document", "{38E612CB-AD93-4999-90E4-23AB39CB5F00}"
EndProject
Project("{2150E333-8FDC-42A3-9474-1A3956D46DE8}") = "OcelotDocument", "OcelotDocument", "{F9587399-3B92-448F-A264-6CEA870E71EE}"
EndProject
Project("{FAE04EC0-301F-11D3-BF4B-00C04F79EFBC}") = "IdsServer", "IdsServer\IdsServer.csproj", "{8BB83567-55C5-4690-8321-CC212246ABA6}"
EndProject
Global
	GlobalSection(SolutionConfigurationPlatforms) = preSolution
		Debug|Any CPU = Debug|Any CPU
		Release|Any CPU = Release|Any CPU
	EndGlobalSection
	GlobalSection(ProjectConfigurationPlatforms) = postSolution
		{8BB83567-55C5-4690-8321-CC212246ABA6}.Debug|Any CPU.ActiveCfg = Debug|Any CPU
		{8BB83567-55C5-4690-8321-CC212246ABA6}.Debug|Any CPU.Build.0 = Debug|Any CPU
		{8BB83567-55C5-4690-8321-CC212246ABA6}.Release|Any CPU.ActiveCfg = Release|Any CPU
		{8BB83567-55C5-4690-8321-CC212246ABA6}.Release|Any CPU.Build.0 = Release|Any CPU
	EndGlobalSection
	GlobalSection(SolutionProperties) = preSolution
		HideSolutionNode = FALSE
	EndGlobalSection
	GlobalSection(NestedProjects) = preSolution
		{8BB83567-55C5-4690-8321-CC212246ABA6} = {38E612CB-AD93-4999-90E4-23AB39CB5F00}
	EndGlobalSection
	GlobalSection(ExtensibilityGlobals) = postSolution
		SolutionGuid = {6AE6CF43-C85F-411F-A479-7F8A2E15631E}
	EndGlobalSection
EndGlobal
